
Microsoft Visual Studio Solution File, Format Version 12.00
# Visual Studio Version 16
VisualStudioVersion = 16.0.30717.126
MinimumVisualStudioVersion = 10.0.40219.1
Project("{8BC9CEB8-8B4A-11D0-8D11-00A0C91BC942}") = "vector_c2l1", "vector_c2l1.vcxproj", "{A47A9763-EF35-412F-8CF9-D968B9F7B72D}"
EndProject
Project("{8BC9CEB8-8B4A-11D0-8D11-00A0C91BC942}") = "GoogleTests", "GoogleTests\GoogleTests.vcxproj", "{83F2FEF8-5E24-4854-B023-D032022EFC0A}"
EndProject
Global
	GlobalSection(SolutionConfigurationPlatforms) = preSolution
		Debug|x64 = Debug|x64
		Debug|x86 = Debug|x86
		Release|x64 = Release|x64
		Release|x86 = Release|x86
	EndGlobalSection
	GlobalSection(ProjectConfigurationPlatforms) = postSolution
		{A47A9763-EF35-412F-8CF9-D968B9F7B72D}.Debug|x64.ActiveCfg = Debug|x64
		{A47A9763-EF35-412F-8CF9-D968B9F7B72D}.Debug|x64.Build.0 = Debug|x64
		{A47A9763-EF35-412F-8CF9-D968B9F7B72D}.Debug|x86.ActiveCfg = Debug|Win32
		{A47A9763-EF35-412F-8CF9-D968B9F7B72D}.Debug|x86.Build.0 = Debug|Win32
		{A47A9763-EF35-412F-8CF9-D968B9F7B72D}.Release|x64.ActiveCfg = Release|x64
		{A47A9763-EF35-412F-8CF9-D968B9F7B72D}.Release|x64.Build.0 = Release|x64
		{A47A9763-EF35-412F-8CF9-D968B9F7B72D}.Release|x86.ActiveCfg = Release|Win32
		{A47A9763-EF35-412F-8CF9-D968B9F7B72D}.Release|x86.Build.0 = Release|Win32
		{83F2FEF8-5E24-4854-B023-D032022EFC0A}.Debug|x64.ActiveCfg = Debug|x64
		{83F2FEF8-5E24-4854-B023-D032022EFC0A}.Debug|x64.Build.0 = Debug|x64
		{83F2FEF8-5E24-4854-B023-D032022EFC0A}.Debug|x86.ActiveCfg = Debug|Win32
		{83F2FEF8-5E24-4854-B023-D032022EFC0A}.Debug|x86.Build.0 = Debug|Win32
		{83F2FEF8-5E24-4854-B023-D032022EFC0A}.Release|x64.ActiveCfg = Release|x64
		{83F2FEF8-5E24-4854-B023-D032022EFC0A}.Release|x64.Build.0 = Release|x64
		{83F2FEF8-5E24-4854-B023-D032022EFC0A}.Release|x86.ActiveCfg = Release|Win32
		{83F2FEF8-5E24-4854-B023-D032022EFC0A}.Release|x86.Build.0 = Release|Win32
	EndGlobalSection
	GlobalSection(SolutionProperties) = preSolution
		HideSolutionNode = FALSE
	EndGlobalSection
	GlobalSection(ExtensibilityGlobals) = postSolution
		SolutionGuid = {2D805A68-EB36-4DC0-B495-E2BA3A36F901}
	EndGlobalSection
EndGlobal
